// !$*UTF8*$!
{
	archiveVersion = 1;
	classes = {
	};
	objectVersion = 50;
	objects = {

/* Begin PBXBuildFile section */
		6D6DDE98224B973500D26EF4 /* AppDelegate.swift in Sources */ = {isa = PBXBuildFile; fileRef = 6D6DDE97224B973500D26EF4 /* AppDelegate.swift */; };
		6D6DDE9A224B973500D26EF4 /* ViewController.swift in Sources */ = {isa = PBXBuildFile; fileRef = 6D6DDE99224B973500D26EF4 /* ViewController.swift */; };
		6D6DDE9D224B973500D26EF4 /* Main.storyboard in Resources */ = {isa = PBXBuildFile; fileRef = 6D6DDE9B224B973500D26EF4 /* Main.storyboard */; };
		6D6DDE9F224B973900D26EF4 /* Assets.xcassets in Resources */ = {isa = PBXBuildFile; fileRef = 6D6DDE9E224B973900D26EF4 /* Assets.xcassets */; };
		6D6DDEA2224B973900D26EF4 /* LaunchScreen.storyboard in Resources */ = {isa = PBXBuildFile; fileRef = 6D6DDEA0224B973900D26EF4 /* LaunchScreen.storyboard */; };
		6D6DDEAD224B973900D26EF4 /* MVVM_PatternTests.swift in Sources */ = {isa = PBXBuildFile; fileRef = 6D6DDEAC224B973900D26EF4 /* MVVM_PatternTests.swift */; };
		6D6DDEB8224B973900D26EF4 /* MVVM_PatternUITests.swift in Sources */ = {isa = PBXBuildFile; fileRef = 6D6DDEB7224B973900D26EF4 /* MVVM_PatternUITests.swift */; };
/* End PBXBuildFile section */

/* Begin PBXContainerItemProxy section */
		6D6DDEA9224B973900D26EF4 /* PBXContainerItemProxy */ = {
			isa = PBXContainerItemProxy;
			containerPortal = 6D6DDE8C224B973500D26EF4 /* Project object */;
			proxyType = 1;
			remoteGlobalIDString = 6D6DDE93224B973500D26EF4;
			remoteInfo = "MVVM-Pattern";
		};
		6D6DDEB4224B973900D26EF4 /* PBXContainerItemProxy */ = {
			isa = PBXContainerItemProxy;
			containerPortal = 6D6DDE8C224B973500D26EF4 /* Project object */;
			proxyType = 1;
			remoteGlobalIDString = 6D6DDE93224B973500D26EF4;
			remoteInfo = "MVVM-Pattern";
		};
/* End PBXContainerItemProxy section */

/* Begin PBXFileReference section */
		6D6DDE94224B973500D26EF4 /* MVVM-Pattern.app */ = {isa = PBXFileReference; explicitFileType = wrapper.application; includeInIndex = 0; path = "MVVM-Pattern.app"; sourceTree = BUILT_PRODUCTS_DIR; };
		6D6DDE97224B973500D26EF4 /* AppDelegate.swift */ = {isa = PBXFileReference; lastKnownFileType = sourcecode.swift; path = AppDelegate.swift; sourceTree = "<group>"; };
		6D6DDE99224B973500D26EF4 /* ViewController.swift */ = {isa = PBXFileReference; lastKnownFileType = sourcecode.swift; path = ViewController.swift; sourceTree = "<group>"; };
		6D6DDE9C224B973500D26EF4 /* Base */ = {isa = PBXFileReference; lastKnownFileType = file.storyboard; name = Base; path = Base.lproj/Main.storyboard; sourceTree = "<group>"; };
		6D6DDE9E224B973900D26EF4 /* Assets.xcassets */ = {isa = PBXFileReference; lastKnownFileType = folder.assetcatalog; path = Assets.xcassets; sourceTree = "<group>"; };
		6D6DDEA1224B973900D26EF4 /* Base */ = {isa = PBXFileReference; lastKnownFileType = file.storyboard; name = Base; path = Base.lproj/LaunchScreen.storyboard; sourceTree = "<group>"; };
		6D6DDEA3224B973900D26EF4 /* Info.plist */ = {isa = PBXFileReference; lastKnownFileType = text.plist.xml; path = Info.plist; sourceTree = "<group>"; };
		6D6DDEA8224B973900D26EF4 /* MVVM-PatternTests.xctest */ = {isa = PBXFileReference; explicitFileType = wrapper.cfbundle; includeInIndex = 0; path = "MVVM-PatternTests.xctest"; sourceTree = BUILT_PRODUCTS_DIR; };
		6D6DDEAC224B973900D26EF4 /* MVVM_PatternTests.swift */ = {isa = PBXFileReference; lastKnownFileType = sourcecode.swift; path = MVVM_PatternTests.swift; sourceTree = "<group>"; };
		6D6DDEAE224B973900D26EF4 /* Info.plist */ = {isa = PBXFileReference; lastKnownFileType = text.plist.xml; path = Info.plist; sourceTree = "<group>"; };
		6D6DDEB3224B973900D26EF4 /* MVVM-PatternUITests.xctest */ = {isa = PBXFileReference; explicitFileType = wrapper.cfbundle; includeInIndex = 0; path = "MVVM-PatternUITests.xctest"; sourceTree = BUILT_PRODUCTS_DIR; };
		6D6DDEB7224B973900D26EF4 /* MVVM_PatternUITests.swift */ = {isa = PBXFileReference; lastKnownFileType = sourcecode.swift; path = MVVM_PatternUITests.swift; sourceTree = "<group>"; };
		6D6DDEB9224B973900D26EF4 /* Info.plist */ = {isa = PBXFileReference; lastKnownFileType = text.plist.xml; path = Info.plist; sourceTree = "<group>"; };
/* End PBXFileReference section */

/* Begin PBXFrameworksBuildPhase section */
		6D6DDE91224B973500D26EF4 /* Frameworks */ = {
			isa = PBXFrameworksBuildPhase;
			buildActionMask = 2147483647;
			files = (
			);
			runOnlyForDeploymentPostprocessing = 0;
		};
		6D6DDEA5224B973900D26EF4 /* Frameworks */ = {
			isa = PBXFrameworksBuildPhase;
			buildActionMask = 2147483647;
			files = (
			);
			runOnlyForDeploymentPostprocessing = 0;
		};
		6D6DDEB0224B973900D26EF4 /* Frameworks */ = {
			isa = PBXFrameworksBuildPhase;
			buildActionMask = 2147483647;
			files = (
			);
			runOnlyForDeploymentPostprocessing = 0;
		};
/* End PBXFrameworksBuildPhase section */

/* Begin PBXGroup section */
		6D6DDE8B224B973500D26EF4 = {
			isa = PBXGroup;
			children = (
				6D6DDE96224B973500D26EF4 /* MVVM-Pattern */,
				6D6DDEAB224B973900D26EF4 /* MVVM-PatternTests */,
				6D6DDEB6224B973900D26EF4 /* MVVM-PatternUITests */,
				6D6DDE95224B973500D26EF4 /* Products */,
			);
			sourceTree = "<group>";
		};
		6D6DDE95224B973500D26EF4 /* Products */ = {
			isa = PBXGroup;
			children = (
				6D6DDE94224B973500D26EF4 /* MVVM-Pattern.app */,
				6D6DDEA8224B973900D26EF4 /* MVVM-PatternTests.xctest */,
				6D6DDEB3224B973900D26EF4 /* MVVM-PatternUITests.xctest */,
			);
			name = Products;
			sourceTree = "<group>";
		};
		6D6DDE96224B973500D26EF4 /* MVVM-Pattern */ = {
			isa = PBXGroup;
			children = (
				6D6DDE97224B973500D26EF4 /* AppDelegate.swift */,
				6D6DDE99224B973500D26EF4 /* ViewController.swift */,
				6D6DDE9B224B973500D26EF4 /* Main.storyboard */,
				6D6DDE9E224B973900D26EF4 /* Assets.xcassets */,
				6D6DDEA0224B973900D26EF4 /* LaunchScreen.storyboard */,
				6D6DDEA3224B973900D26EF4 /* Info.plist */,
			);
			path = "MVVM-Pattern";
			sourceTree = "<group>";
		};
		6D6DDEAB224B973900D26EF4 /* MVVM-PatternTests */ = {
			isa = PBXGroup;
			children = (
				6D6DDEAC224B973900D26EF4 /* MVVM_PatternTests.swift */,
				6D6DDEAE224B973900D26EF4 /* Info.plist */,
			);
			path = "MVVM-PatternTests";
			sourceTree = "<group>";
		};
		6D6DDEB6224B973900D26EF4 /* MVVM-PatternUITests */ = {
			isa = PBXGroup;
			children = (
				6D6DDEB7224B973900D26EF4 /* MVVM_PatternUITests.swift */,
				6D6DDEB9224B973900D26EF4 /* Info.plist */,
			);
			path = "MVVM-PatternUITests";
			sourceTree = "<group>";
		};
/* End PBXGroup section */

/* Begin PBXNativeTarget section */
		6D6DDE93224B973500D26EF4 /* MVVM-Pattern */ = {
			isa = PBXNativeTarget;
			buildConfigurationList = 6D6DDEBC224B973900D26EF4 /* Build configuration list for PBXNativeTarget "MVVM-Pattern" */;
			buildPhases = (
				6D6DDE90224B973500D26EF4 /* Sources */,
				6D6DDE91224B973500D26EF4 /* Frameworks */,
				6D6DDE92224B973500D26EF4 /* Resources */,
			);
			buildRules = (
			);
			dependencies = (
			);
			name = "MVVM-Pattern";
			productName = "MVVM-Pattern";
			productReference = 6D6DDE94224B973500D26EF4 /* MVVM-Pattern.app */;
			productType = "com.apple.product-type.application";
		};
		6D6DDEA7224B973900D26EF4 /* MVVM-PatternTests */ = {
			isa = PBXNativeTarget;
			buildConfigurationList = 6D6DDEBF224B973900D26EF4 /* Build configuration list for PBXNativeTarget "MVVM-PatternTests" */;
			buildPhases = (
				6D6DDEA4224B973900D26EF4 /* Sources */,
				6D6DDEA5224B973900D26EF4 /* Frameworks */,
				6D6DDEA6224B973900D26EF4 /* Resources */,
			);
			buildRules = (
			);
			dependencies = (
				6D6DDEAA224B973900D26EF4 /* PBXTargetDependency */,
			);
			name = "MVVM-PatternTests";
			productName = "MVVM-PatternTests";
			productReference = 6D6DDEA8224B973900D26EF4 /* MVVM-PatternTests.xctest */;
			productType = "com.apple.product-type.bundle.unit-test";
		};
		6D6DDEB2224B973900D26EF4 /* MVVM-PatternUITests */ = {
			isa = PBXNativeTarget;
			buildConfigurationList = 6D6DDEC2224B973900D26EF4 /* Build configuration list for PBXNativeTarget "MVVM-PatternUITests" */;
			buildPhases = (
				6D6DDEAF224B973900D26EF4 /* Sources */,
				6D6DDEB0224B973900D26EF4 /* Frameworks */,
				6D6DDEB1224B973900D26EF4 /* Resources */,
			);
			buildRules = (
			);
			dependencies = (
				6D6DDEB5224B973900D26EF4 /* PBXTargetDependency */,
			);
			name = "MVVM-PatternUITests";
			productName = "MVVM-PatternUITests";
			productReference = 6D6DDEB3224B973900D26EF4 /* MVVM-PatternUITests.xctest */;
			productType = "com.apple.product-type.bundle.ui-testing";
		};
/* End PBXNativeTarget section */

/* Begin PBXProject section */
		6D6DDE8C224B973500D26EF4 /* Project object */ = {
			isa = PBXProject;
			attributes = {
				LastSwiftUpdateCheck = 1010;
				LastUpgradeCheck = 1010;
				ORGANIZATIONNAME = "渡邊丈洋";
				TargetAttributes = {
					6D6DDE93224B973500D26EF4 = {
						CreatedOnToolsVersion = 10.1;
					};
					6D6DDEA7224B973900D26EF4 = {
						CreatedOnToolsVersion = 10.1;
						TestTargetID = 6D6DDE93224B973500D26EF4;
					};
					6D6DDEB2224B973900D26EF4 = {
						CreatedOnToolsVersion = 10.1;
						TestTargetID = 6D6DDE93224B973500D26EF4;
					};
				};
			};
			buildConfigurationList = 6D6DDE8F224B973500D26EF4 /* Build configuration list for PBXProject "MVVM-Pattern" */;
			compatibilityVersion = "Xcode 9.3";
			developmentRegion = en;
			hasScannedForEncodings = 0;
			knownRegions = (
				en,
				Base,
			);
			mainGroup = 6D6DDE8B224B973500D26EF4;
			productRefGroup = 6D6DDE95224B973500D26EF4 /* Products */;
			projectDirPath = "";
			projectRoot = "";
			targets = (
				6D6DDE93224B973500D26EF4 /* MVVM-Pattern */,
				6D6DDEA7224B973900D26EF4 /* MVVM-PatternTests */,
				6D6DDEB2224B973900D26EF4 /* MVVM-PatternUITests */,
			);
		};
/* End PBXProject section */

/* Begin PBXResourcesBuildPhase section */
		6D6DDE92224B973500D26EF4 /* Resources */ = {
			isa = PBXResourcesBuildPhase;
			buildActionMask = 2147483647;
			files = (
				6D6DDEA2224B973900D26EF4 /* LaunchScreen.storyboard in Resources */,
				6D6DDE9F224B973900D26EF4 /* Assets.xcassets in Resources */,
				6D6DDE9D224B973500D26EF4 /* Main.storyboard in Resources */,
			);
			runOnlyForDeploymentPostprocessing = 0;
		};
		6D6DDEA6224B973900D26EF4 /* Resources */ = {
			isa = PBXResourcesBuildPhase;
			buildActionMask = 2147483647;
			files = (
			);
			runOnlyForDeploymentPostprocessing = 0;
		};
		6D6DDEB1224B973900D26EF4 /* Resources */ = {
			isa = PBXResourcesBuildPhase;
			buildActionMask = 2147483647;
			files = (
			);
			runOnlyForDeploymentPostprocessing = 0;
		};
/* End PBXResourcesBuildPhase section */

/* Begin PBXSourcesBuildPhase section */
		6D6DDE90224B973500D26EF4 /* Sources */ = {
			isa = PBXSourcesBuildPhase;
			buildActionMask = 2147483647;
			files = (
				6D6DDE9A224B973500D26EF4 /* ViewController.swift in Sources */,
				6D6DDE98224B973500D26EF4 /* AppDelegate.swift in Sources */,
			);
			runOnlyForDeploymentPostprocessing = 0;
		};
		6D6DDEA4224B973900D26EF4 /* Sources */ = {
			isa = PBXSourcesBuildPhase;
			buildActionMask = 2147483647;
			files = (
				6D6DDEAD224B973900D26EF4 /* MVVM_PatternTests.swift in Sources */,
			);
			runOnlyForDeploymentPostprocessing = 0;
		};
		6D6DDEAF224B973900D26EF4 /* Sources */ = {
			isa = PBXSourcesBuildPhase;
			buildActionMask = 2147483647;
			files = (
				6D6DDEB8224B973900D26EF4 /* MVVM_PatternUITests.swift in Sources */,
			);
			runOnlyForDeploymentPostprocessing = 0;
		};
/* End PBXSourcesBuildPhase section */

/* Begin PBXTargetDependency section */
		6D6DDEAA224B973900D26EF4 /* PBXTargetDependency */ = {
			isa = PBXTargetDependency;
			target = 6D6DDE93224B973500D26EF4 /* MVVM-Pattern */;
			targetProxy = 6D6DDEA9224B973900D26EF4 /* PBXContainerItemProxy */;
		};
		6D6DDEB5224B973900D26EF4 /* PBXTargetDependency */ = {
			isa = PBXTargetDependency;
			target = 6D6DDE93224B973500D26EF4 /* MVVM-Pattern */;
			targetProxy = 6D6DDEB4224B973900D26EF4 /* PBXContainerItemProxy */;
		};
/* End PBXTargetDependency section */

/* Begin PBXVariantGroup section */
		6D6DDE9B224B973500D26EF4 /* Main.storyboard */ = {
			isa = PBXVariantGroup;
			children = (
				6D6DDE9C224B973500D26EF4 /* Base */,
			);
			name = Main.storyboard;
			sourceTree = "<group>";
		};
		6D6DDEA0224B973900D26EF4 /* LaunchScreen.storyboard */ = {
			isa = PBXVariantGroup;
			children = (
				6D6DDEA1224B973900D26EF4 /* Base */,
			);
			name = LaunchScreen.storyboard;
			sourceTree = "<group>";
		};
/* End PBXVariantGroup section */

/* Begin XCBuildConfiguration section */
		6D6DDEBA224B973900D26EF4 /* Debug */ = {
			isa = XCBuildConfiguration;
			buildSettings = {
				ALWAYS_SEARCH_USER_PATHS = NO;
				CLANG_ANALYZER_NONNULL = YES;
				CLANG_ANALYZER_NUMBER_OBJECT_CONVERSION = YES_AGGRESSIVE;
				CLANG_CXX_LANGUAGE_STANDARD = "gnu++14";
				CLANG_CXX_LIBRARY = "libc++";
				CLANG_ENABLE_MODULES = YES;
				CLANG_ENABLE_OBJC_ARC = YES;
				CLANG_ENABLE_OBJC_WEAK = YES;
				CLANG_WARN_BLOCK_CAPTURE_AUTORELEASING = YES;
				CLANG_WARN_BOOL_CONVERSION = YES;
				CLANG_WARN_COMMA = YES;
				CLANG_WARN_CONSTANT_CONVERSION = YES;
				CLANG_WARN_DEPRECATED_OBJC_IMPLEMENTATIONS = YES;
				CLANG_WARN_DIRECT_OBJC_ISA_USAGE = YES_ERROR;
				CLANG_WARN_DOCUMENTATION_COMMENTS = YES;
				CLANG_WARN_EMPTY_BODY = YES;
				CLANG_WARN_ENUM_CONVERSION = YES;
				CLANG_WARN_INFINITE_RECURSION = YES;
				CLANG_WARN_INT_CONVERSION = YES;
				CLANG_WARN_NON_LITERAL_NULL_CONVERSION = YES;
				CLANG_WARN_OBJC_IMPLICIT_RETAIN_SELF = YES;
				CLANG_WARN_OBJC_LITERAL_CONVERSION = YES;
				CLANG_WARN_OBJC_ROOT_CLASS = YES_ERROR;
				CLANG_WARN_RANGE_LOOP_ANALYSIS = YES;
				CLANG_WARN_STRICT_PROTOTYPES = YES;
				CLANG_WARN_SUSPICIOUS_MOVE = YES;
				CLANG_WARN_UNGUARDED_AVAILABILITY = YES_AGGRESSIVE;
				CLANG_WARN_UNREACHABLE_CODE = YES;
				CLANG_WARN__DUPLICATE_METHOD_MATCH = YES;
				CODE_SIGN_IDENTITY = "iPhone Developer";
				COPY_PHASE_STRIP = NO;
				DEBUG_INFORMATION_FORMAT = dwarf;
				ENABLE_STRICT_OBJC_MSGSEND = YES;
				ENABLE_TESTABILITY = YES;
				GCC_C_LANGUAGE_STANDARD = gnu11;
				GCC_DYNAMIC_NO_PIC = NO;
				GCC_NO_COMMON_BLOCKS = YES;
				GCC_OPTIMIZATION_LEVEL = 0;
				GCC_PREPROCESSOR_DEFINITIONS = (
					"DEBUG=1",
					"$(inherited)",
				);
				GCC_WARN_64_TO_32_BIT_CONVERSION = YES;
				GCC_WARN_ABOUT_RETURN_TYPE = YES_ERROR;
				GCC_WARN_UNDECLARED_SELECTOR = YES;
				GCC_WARN_UNINITIALIZED_AUTOS = YES_AGGRESSIVE;
				GCC_WARN_UNUSED_FUNCTION = YES;
				GCC_WARN_UNUSED_VARIABLE = YES;
				IPHONEOS_DEPLOYMENT_TARGET = 12.1;
				MTL_ENABLE_DEBUG_INFO = INCLUDE_SOURCE;
				MTL_FAST_MATH = YES;
				ONLY_ACTIVE_ARCH = YES;
				SDKROOT = iphoneos;
				SWIFT_ACTIVE_COMPILATION_CONDITIONS = DEBUG;
				SWIFT_OPTIMIZATION_LEVEL = "-Onone";
			};
			name = Debug;
		};
		6D6DDEBB224B973900D26EF4 /* Release */ = {
			isa = XCBuildConfiguration;
			buildSettings = {
				ALWAYS_SEARCH_USER_PATHS = NO;
				CLANG_ANALYZER_NONNULL = YES;
				CLANG_ANALYZER_NUMBER_OBJECT_CONVERSION = YES_AGGRESSIVE;
				CLANG_CXX_LANGUAGE_STANDARD = "gnu++14";
				CLANG_CXX_LIBRARY = "libc++";
				CLANG_ENABLE_MODULES = YES;
				CLANG_ENABLE_OBJC_ARC = YES;
				CLANG_ENABLE_OBJC_WEAK = YES;
				CLANG_WARN_BLOCK_CAPTURE_AUTORELEASING = YES;
				CLANG_WARN_BOOL_CONVERSION = YES;
				CLANG_WARN_COMMA = YES;
				CLANG_WARN_CONSTANT_CONVERSION = YES;
				CLANG_WARN_DEPRECATED_OBJC_IMPLEMENTATIONS = YES;
				CLANG_WARN_DIRECT_OBJC_ISA_USAGE = YES_ERROR;
				CLANG_WARN_DOCUMENTATION_COMMENTS = YES;
				CLANG_WARN_EMPTY_BODY = YES;
				CLANG_WARN_ENUM_CONVERSION = YES;
				CLANG_WARN_INFINITE_RECURSION = YES;
				CLANG_WARN_INT_CONVERSION = YES;
				CLANG_WARN_NON_LITERAL_NULL_CONVERSION = YES;
				CLANG_WARN_OBJC_IMPLICIT_RETAIN_SELF = YES;
				CLANG_WARN_OBJC_LITERAL_CONVERSION = YES;
				CLANG_WARN_OBJC_ROOT_CLASS = YES_ERROR;
				CLANG_WARN_RANGE_LOOP_ANALYSIS = YES;
				CLANG_WARN_STRICT_PROTOTYPES = YES;
				CLANG_WARN_SUSPICIOUS_MOVE = YES;
				CLANG_WARN_UNGUARDED_AVAILABILITY = YES_AGGRESSIVE;
				CLANG_WARN_UNREACHABLE_CODE = YES;
				CLANG_WARN__DUPLICATE_METHOD_MATCH = YES;
				CODE_SIGN_IDENTITY = "iPhone Developer";
				COPY_PHASE_STRIP = NO;
				DEBUG_INFORMATION_FORMAT = "dwarf-with-dsym";
				ENABLE_NS_ASSERTIONS = NO;
				ENABLE_STRICT_OBJC_MSGSEND = YES;
				GCC_C_LANGUAGE_STANDARD = gnu11;
				GCC_NO_COMMON_BLOCKS = YES;
				GCC_WARN_64_TO_32_BIT_CONVERSION = YES;
				GCC_WARN_ABOUT_RETURN_TYPE = YES_ERROR;
				GCC_WARN_UNDECLARED_SELECTOR = YES;
				GCC_WARN_UNINITIALIZED_AUTOS = YES_AGGRESSIVE;
				GCC_WARN_UNUSED_FUNCTION = YES;
				GCC_WARN_UNUSED_VARIABLE = YES;
				IPHONEOS_DEPLOYMENT_TARGET = 12.1;
				MTL_ENABLE_DEBUG_INFO = NO;
				MTL_FAST_MATH = YES;
				SDKROOT = iphoneos;
				SWIFT_COMPILATION_MODE = wholemodule;
				SWIFT_OPTIMIZATION_LEVEL = "-O";
				VALIDATE_PRODUCT = YES;
			};
			name = Release;
		};
		6D6DDEBD224B973900D26EF4 /* Debug */ = {
			isa = XCBuildConfiguration;
			buildSettings = {
				ASSETCATALOG_COMPILER_APPICON_NAME = AppIcon;
				CODE_SIGN_STYLE = Automatic;
				DEVELOPMENT_TEAM = WE75VTX439;
				INFOPLIST_FILE = "MVVM-Pattern/Info.plist";
				LD_RUNPATH_SEARCH_PATHS = (
					"$(inherited)",
					"@executable_path/Frameworks",
				);
				PRODUCT_BUNDLE_IDENTIFIER = "com.tkhr.MVVM-Pattern";
				PRODUCT_NAME = "$(TARGET_NAME)";
				SWIFT_VERSION = 4.2;
				TARGETED_DEVICE_FAMILY = "1,2";
			};
			name = Debug;
		};
		6D6DDEBE224B973900D26EF4 /* Release */ = {
			isa = XCBuildConfiguration;
			buildSettings = {
				ASSETCATALOG_COMPILER_APPICON_NAME = AppIcon;
				CODE_SIGN_STYLE = Automatic;
				DEVELOPMENT_TEAM = WE75VTX439;
				INFOPLIST_FILE = "MVVM-Pattern/Info.plist";
				LD_RUNPATH_SEARCH_PATHS = (
					"$(inherited)",
					"@executable_path/Frameworks",
				);
				PRODUCT_BUNDLE_IDENTIFIER = "com.tkhr.MVVM-Pattern";
				PRODUCT_NAME = "$(TARGET_NAME)";
				SWIFT_VERSION = 4.2;
				TARGETED_DEVICE_FAMILY = "1,2";
			};
			name = Release;
		};
		6D6DDEC0224B973900D26EF4 /* Debug */ = {
			isa = XCBuildConfiguration;
			buildSettings = {
				ALWAYS_EMBED_SWIFT_STANDARD_LIBRARIES = YES;
				BUNDLE_LOADER = "$(TEST_HOST)";
				CODE_SIGN_STYLE = Automatic;
				DEVELOPMENT_TEAM = WE75VTX439;
				INFOPLIST_FILE = "MVVM-PatternTests/Info.plist";
				LD_RUNPATH_SEARCH_PATHS = (
					"$(inherited)",
					"@executable_path/Frameworks",
					"@loader_path/Frameworks",
				);
				PRODUCT_BUNDLE_IDENTIFIER = "com.tkhr.MVVM-PatternTests";
				PRODUCT_NAME = "$(TARGET_NAME)";
				SWIFT_VERSION = 4.2;
				TARGETED_DEVICE_FAMILY = "1,2";
				TEST_HOST = "$(BUILT_PRODUCTS_DIR)/MVVM-Pattern.app/MVVM-Pattern";
			};
			name = Debug;
		};
		6D6DDEC1224B973900D26EF4 /* Release */ = {
			isa = XCBuildConfiguration;
			buildSettings = {
				ALWAYS_EMBED_SWIFT_STANDARD_LIBRARIES = YES;
				BUNDLE_LOADER = "$(TEST_HOST)";
				CODE_SIGN_STYLE = Automatic;
				DEVELOPMENT_TEAM = WE75VTX439;
				INFOPLIST_FILE = "MVVM-PatternTests/Info.plist";
				LD_RUNPATH_SEARCH_PATHS = (
					"$(inherited)",
					"@executable_path/Frameworks",
					"@loader_path/Frameworks",
				);
				PRODUCT_BUNDLE_IDENTIFIER = "com.tkhr.MVVM-PatternTests";
				PRODUCT_NAME = "$(TARGET_NAME)";
				SWIFT_VERSION = 4.2;
				TARGETED_DEVICE_FAMILY = "1,2";
				TEST_HOST = "$(BUILT_PRODUCTS_DIR)/MVVM-Pattern.app/MVVM-Pattern";
			};
			name = Release;
		};
		6D6DDEC3224B973900D26EF4 /* Debug */ = {
			isa = XCBuildConfiguration;
			buildSettings = {
				ALWAYS_EMBED_SWIFT_STANDARD_LIBRARIES = YES;
				CODE_SIGN_STYLE = Automatic;
				DEVELOPMENT_TEAM = WE75VTX439;
				INFOPLIST_FILE = "MVVM-PatternUITests/Info.plist";
				LD_RUNPATH_SEARCH_PATHS = (
					"$(inherited)",
					"@executable_path/Frameworks",
					"@loader_path/Frameworks",
				);
				PRODUCT_BUNDLE_IDENTIFIER = "com.tkhr.MVVM-PatternUITests";
				PRODUCT_NAME = "$(TARGET_NAME)";
				SWIFT_VERSION = 4.2;
				TARGETED_DEVICE_FAMILY = "1,2";
				TEST_TARGET_NAME = "MVVM-Pattern";
			};
			name = Debug;
		};
		6D6DDEC4224B973900D26EF4 /* Release */ = {
			isa = XCBuildConfiguration;
			buildSettings = {
				ALWAYS_EMBED_SWIFT_STANDARD_LIBRARIES = YES;
				CODE_SIGN_STYLE = Automatic;
				DEVELOPMENT_TEAM = WE75VTX439;
				INFOPLIST_FILE = "MVVM-PatternUITests/Info.plist";
				LD_RUNPATH_SEARCH_PATHS = (
					"$(inherited)",
					"@executable_path/Frameworks",
					"@loader_path/Frameworks",
				);
				PRODUCT_BUNDLE_IDENTIFIER = "com.tkhr.MVVM-PatternUITests";
				PRODUCT_NAME = "$(TARGET_NAME)";
				SWIFT_VERSION = 4.2;
				TARGETED_DEVICE_FAMILY = "1,2";
				TEST_TARGET_NAME = "MVVM-Pattern";
			};
			name = Release;
		};
/* End XCBuildConfiguration section */

/* Begin XCConfigurationList section */
		6D6DDE8F224B973500D26EF4 /* Build configuration list for PBXProject "MVVM-Pattern" */ = {
			isa = XCConfigurationList;
			buildConfigurations = (
				6D6DDEBA224B973900D26EF4 /* Debug */,
				6D6DDEBB224B973900D26EF4 /* Release */,
			);
			defaultConfigurationIsVisible = 0;
			defaultConfigurationName = Release;
		};
		6D6DDEBC224B973900D26EF4 /* Build configuration list for PBXNativeTarget "MVVM-Pattern" */ = {
			isa = XCConfigurationList;
			buildConfigurations = (
				6D6DDEBD224B973900D26EF4 /* Debug */,
				6D6DDEBE224B973900D26EF4 /* Release */,
			);
			defaultConfigurationIsVisible = 0;
			defaultConfigurationName = Release;
		};
		6D6DDEBF224B973900D26EF4 /* Build configuration list for PBXNativeTarget "MVVM-PatternTests" */ = {
			isa = XCConfigurationList;
			buildConfigurations = (
				6D6DDEC0224B973900D26EF4 /* Debug */,
				6D6DDEC1224B973900D26EF4 /* Release */,
			);
			defaultConfigurationIsVisible = 0;
			defaultConfigurationName = Release;
		};
		6D6DDEC2224B973900D26EF4 /* Build configuration list for PBXNativeTarget "MVVM-PatternUITests" */ = {
			isa = XCConfigurationList;
			buildConfigurations = (
				6D6DDEC3224B973900D26EF4 /* Debug */,
				6D6DDEC4224B973900D26EF4 /* Release */,
			);
			defaultConfigurationIsVisible = 0;
			defaultConfigurationName = Release;
		};
/* End XCConfigurationList section */
	};
	rootObject = 6D6DDE8C224B973500D26EF4 /* Project object */;
}
